speakeasyVersion: 1.325.0
sources:
    merge-code-samples-into-spec:
        sourceNamespace: merge-code-samples-into-spec
        sourceRevisionDigest: sha256:ecf7e5ed01e54b38a8e05e528c3a880098970ab3f595f05dc8905cdefb6d1f8f
        sourceBlobDigest: sha256:5ee12ae0335ad279f1a4dc22051d2328e448bdec80d6cedb5366f95ec5e22cc1
        tags:
            - latest
            - main
targets: {}
workflow:
    workflowVersion: 1.0.0
    speakeasyVersion: latest
    sources:
        merge-code-samples-into-spec:
            inputs:
                - location: registry.speakeasyapi.dev/lukehagar/lukehagar/my-source
            overlays:
                - location: registry.speakeasyapi.dev/lukehagar/lukehagar/code-samples-php-plexphp:main
                - location: registry.speakeasyapi.dev/lukehagar/lukehagar/code-samples-ruby-plexruby:main
                - location: registry.speakeasyapi.dev/lukehagar/lukehagar/code-samples-go-plexgo:main
                - location: registry.speakeasyapi.dev/lukehagar/lukehagar/code-samples-java-plexjava:main
                - location: registry.speakeasyapi.dev/lukehagar/lukehagar/code-samples-typescript-plexjs:main
            output: ./openapi-with-code-samples.yaml
            registry:
                location: registry.speakeasyapi.dev/lukehagar/lukehagar/merge-code-samples-into-spec
    targets: {}
