speakeasyVersion: 1.395.1
sources:
    merge-code-samples-into-spec:
        sourceNamespace: merge-code-samples-into-spec
        sourceRevisionDigest: sha256:acfaca39f028cb399cc419db006b893a644faa65c4450f97bfeb2627627cc0d9
        sourceBlobDigest: sha256:f5c9641b05d26bceaf534760928b129d2cd97da9b50c3bdd61e8d10e4502500a
        tags:
            - latest
            - main
targets: {}
workflow:
    workflowVersion: 1.0.0
    speakeasyVersion: latest
    sources:
        merge-code-samples-into-spec:
            inputs:
                - location: registry.speakeasyapi.dev/lukehagar/lukehagar/plex-api:main
            overlays:
                - location: ./mintlify-overlay.yaml
                - location: registry.speakeasyapi.dev/lukehagar/lukehagar/code-samples-php-plexphp:main
                - location: registry.speakeasyapi.dev/lukehagar/lukehagar/code-samples-ruby-plexruby:main
                - location: registry.speakeasyapi.dev/lukehagar/lukehagar/code-samples-go-plexgo:main
                - location: registry.speakeasyapi.dev/lukehagar/lukehagar/code-samples-java-plexjava:main
                - location: registry.speakeasyapi.dev/lukehagar/lukehagar/code-samples-typescript-plexjs:main
            output: ./openapi-with-code-samples.yaml
            registry:
                location: registry.speakeasyapi.dev/lukehagar/lukehagar/merge-code-samples-into-spec
    targets: {}
