speakeasyVersion: 1.392.1
sources:
    merge-code-samples-into-spec:
        sourceNamespace: merge-code-samples-into-spec
        sourceRevisionDigest: sha256:bb871f0125f3ba9269eb9fe3f89ae3e1a77a71f17ea5ca75da963aac27667f28
        sourceBlobDigest: sha256:101caa77c2fb4a6b37fc0d0f49525caaa53eb341884f44674ce8cc0a5c8ab123
        tags:
            - latest
            - main
targets: {}
workflow:
    workflowVersion: 1.0.0
    speakeasyVersion: latest
    sources:
        merge-code-samples-into-spec:
            inputs:
                - location: registry.speakeasyapi.dev/lukehagar/lukehagar/plex-api
            overlays:
                - location: registry.speakeasyapi.dev/lukehagar/lukehagar/code-samples-php-plexphp:main
                - location: registry.speakeasyapi.dev/lukehagar/lukehagar/code-samples-ruby-plexruby:main
                - location: registry.speakeasyapi.dev/lukehagar/lukehagar/code-samples-go-plexgo:main
                - location: registry.speakeasyapi.dev/lukehagar/lukehagar/code-samples-java-plexjava:main
                - location: registry.speakeasyapi.dev/lukehagar/lukehagar/code-samples-typescript-plexjs:main
            output: ./openapi-with-code-samples.yaml
            registry:
                location: registry.speakeasyapi.dev/lukehagar/lukehagar/merge-code-samples-into-spec
    targets: {}
